
Microsoft Visual Studio Solution File, Format Version 12.00
# Visual Studio 15
VisualStudioVersion = 15.0.28307.757
MinimumVisualStudioVersion = 10.0.40219.1
Project("{FAE04EC0-301F-11D3-BF4B-00C04F79EFBC}") = "ConsoleApp1", "ConsoleApp1\ConsoleApp1.csproj", "{10648461-084F-4040-A348-6949FAA01EBB}"
EndProject
Project("{FAE04EC0-301F-11D3-BF4B-00C04F79EFBC}") = "JayTek.OrionShiftManager.FileServices", "..\..\JayTek-OrionShiftManager\JayTek.OrionShiftManager\JayTek.OrionShiftManager.FileServices\JayTek.OrionShiftManager.FileServices.csproj", "{4438B4AE-87F6-4835-8C05-0F46D396A63D}"
EndProject
Project("{FAE04EC0-301F-11D3-BF4B-00C04F79EFBC}") = "JayTek.OrionShiftManager.Core", "..\..\JayTek-OrionShiftManager\JayTek.OrionShiftManager\JayTek.OrionShiftManager.Core\JayTek.OrionShiftManager.Core.csproj", "{3C7D95B5-FB7E-4B41-9EEC-C61EEB189096}"
EndProject
Global
	GlobalSection(SolutionConfigurationPlatforms) = preSolution
		Debug|Any CPU = Debug|Any CPU
		Release|Any CPU = Release|Any CPU
	EndGlobalSection
	GlobalSection(ProjectConfigurationPlatforms) = postSolution
		{10648461-084F-4040-A348-6949FAA01EBB}.Debug|Any CPU.ActiveCfg = Debug|Any CPU
		{10648461-084F-4040-A348-6949FAA01EBB}.Debug|Any CPU.Build.0 = Debug|Any CPU
		{10648461-084F-4040-A348-6949FAA01EBB}.Release|Any CPU.ActiveCfg = Release|Any CPU
		{10648461-084F-4040-A348-6949FAA01EBB}.Release|Any CPU.Build.0 = Release|Any CPU
		{4438B4AE-87F6-4835-8C05-0F46D396A63D}.Debug|Any CPU.ActiveCfg = Debug|Any CPU
		{4438B4AE-87F6-4835-8C05-0F46D396A63D}.Debug|Any CPU.Build.0 = Debug|Any CPU
		{4438B4AE-87F6-4835-8C05-0F46D396A63D}.Release|Any CPU.ActiveCfg = Release|Any CPU
		{4438B4AE-87F6-4835-8C05-0F46D396A63D}.Release|Any CPU.Build.0 = Release|Any CPU
		{3C7D95B5-FB7E-4B41-9EEC-C61EEB189096}.Debug|Any CPU.ActiveCfg = Debug|Any CPU
		{3C7D95B5-FB7E-4B41-9EEC-C61EEB189096}.Debug|Any CPU.Build.0 = Debug|Any CPU
		{3C7D95B5-FB7E-4B41-9EEC-C61EEB189096}.Release|Any CPU.ActiveCfg = Release|Any CPU
		{3C7D95B5-FB7E-4B41-9EEC-C61EEB189096}.Release|Any CPU.Build.0 = Release|Any CPU
	EndGlobalSection
	GlobalSection(SolutionProperties) = preSolution
		HideSolutionNode = FALSE
	EndGlobalSection
	GlobalSection(ExtensibilityGlobals) = postSolution
		SolutionGuid = {EC4DADD4-41CC-425E-83B0-B64D183DD148}
	EndGlobalSection
EndGlobal
